{
  "version": 1,
  "dependencies": {
    "net10.0-windows7.0": {
      "DalamudPackager": {
        "type": "Direct",
        "requested": "[14.0.2, )",
        "resolved": "14.0.2",
        "contentHash": "dQJeq+8eyHzra4Cg5eZ/3LAeS3/UpvvLriYJGSncMK9LqJ7Q4B6jwcOsxo3PfxVd15xj+IzVFxkPqIBmPQu8/w=="
      },
      "DotNet.ReproducibleBuilds": {
        "type": "Direct",
        "requested": "[1.2.39, )",
        "resolved": "1.2.39",
        "contentHash": "fcFN01tDTIQqDuTwr1jUQK/geofiwjG5DycJQOnC72i1SsLAk1ELe+apBOuZ11UMQG8YKFZG1FgvjZPbqHyatg=="
      },
      "LibreHardwareMonitorLib": {
        "type": "Direct",
        "requested": "[0.9.4, )",
        "resolved": "0.9.4",
        "contentHash": "g28q+5LkBEDGHLtN59KEzjQ9gJN52V62e/GCTkfeIJnW6bMwl9on6JzFPXrulNtE3twCVC88mdp7vnLKaUWh0A==",
        "dependencies": {
          "HidSharp": "2.1.0",
          "Mono.Posix.NETStandard": "1.0.0",
          "System.IO.FileSystem.AccessControl": "5.0.0",
          "System.IO.Ports": "9.0.0",
          "System.Management": "9.0.0"
        }
      },
      "HidSharp": {
        "type": "Transitive",
        "resolved": "2.1.0",
        "contentHash": "UTdxWvbgp2xzT1Ajaa2va+Qi3oNHJPasYmVhbKI2VVdu1VYP6yUG+RikhsHvpD7iM0S8e8UYb5Qm/LTWxx9QAA=="
      },
      "Mono.Posix.NETStandard": {
        "type": "Transitive",
        "resolved": "1.0.0",
        "contentHash": "vSN/L1uaVwKsiLa95bYu2SGkF0iY3xMblTfxc8alSziPuVfJpj3geVqHGAA75J7cZkMuKpFVikz82Lo6y6LLdA=="
      },
      "runtime.android-arm.runtime.native.System.IO.Ports": {
        "type": "Transitive",
        "resolved": "9.0.0",
        "contentHash": "zF8HT4aoFZkWF4OxhFLxUNEfoIjyILg0aQhgIR3m+dbLE4yadMd7kdctMvPhYYaVpnilmBCIjiQsrxH4UC/JxQ=="
      },
      "runtime.android-arm64.runtime.native.System.IO.Ports": {
        "type": "Transitive",
        "resolved": "9.0.0",
        "contentHash": "JVRoxUTXhyFfDak3GLbZh9oPjz+eVJwiZQWOU/TQ1Nj7us11GMc97IBsRzjGDtGJvFOWhGhEkka8SYmVcwpA2A=="
      },
      "runtime.android-x64.runtime.native.System.IO.Ports": {
        "type": "Transitive",
        "resolved": "9.0.0",
        "contentHash": "QMWQv8nptbkzEDPUOmVwo3l/ve1pgApqv/eGY/eIJoNCGxUP6MYUu/GHdznRaBlSkuRyhFN8osVyqZMFKlBA7g=="
      },
      "runtime.android-x86.runtime.native.System.IO.Ports": {
        "type": "Transitive",
        "resolved": "9.0.0",
        "contentHash": "NRuTmUukSfpbv1wdJJXvWE/v1+aRHw5OxEODGeyKuFGy09uZIfFsdU1SPXB1cGPHsUaZRhZfOVel30zEgRQiUw=="
      },
      "runtime.linux-arm.runtime.native.System.IO.Ports": {
        "type": "Transitive",
        "resolved": "9.0.0",
        "contentHash": "l5/3/3LfkemzovK66DrxsbGXRXIgmHaqYaYdhFR09lawWbPHhq4HJ0u2FzO+/neidm8bJtJAV6+iixMDuYIBgg=="
      },
      "runtime.linux-arm64.runtime.native.System.IO.Ports": {
        "type": "Transitive",
        "resolved": "9.0.0",
        "contentHash": "q69FDpp5XSq3lJUMyMpUXBXTh6ekNM1NCnM5aYYiIx4AY1cH/rgLSwR4n2wQJqC6yuL0Z/epSf3KoYLYT8++Yg=="
      },
      "runtime.linux-bionic-arm64.runtime.native.System.IO.Ports": {
        "type": "Transitive",
        "resolved": "9.0.0",
        "contentHash": "kAOBq4UnR0B2UirRxLsPx4BIzt61Ydw40FFCe9NcFSncV6q+ikuhgN6eOrcaOcSu5QUiXacQRgFUX1Pux6ckYg=="
      },
      "runtime.linux-bionic-x64.runtime.native.System.IO.Ports": {
        "type": "Transitive",
        "resolved": "9.0.0",
        "contentHash": "yCpRhte4+7C6ULKGA4qLaXGjQJwoygqyzgUN9u2tkfyGkwBUS66SRr6nNx522+4ATI8ZFkgIIZIkTczY77rcZw=="
      },
      "runtime.linux-musl-arm.runtime.native.System.IO.Ports": {
        "type": "Transitive",
        "resolved": "9.0.0",
        "contentHash": "isaMOGqA4iIklwMt6wYTuPqj83D8DDUA2wainLqPjXaQ1Ri+5K8A+4J0BonjA/HMWtywBKnt2WGUXZ3DQN18ZA=="
      },
      "runtime.linux-musl-arm64.runtime.native.System.IO.Ports": {
        "type": "Transitive",
        "resolved": "9.0.0",
        "contentHash": "yWsWQTf7r1aigde6EeoHzHhldoBw6fJ8AHR2ow4kobNuaS9Z/9rvLUFsGkAAY8GMUZadF5S1OGUsIzUd17RZBg=="
      },
      "runtime.linux-musl-x64.runtime.native.System.IO.Ports": {
        "type": "Transitive",
        "resolved": "9.0.0",
        "contentHash": "NxST2ZRBRGBjHWUnQwOYoyqFWHH4UcjAeTyjviSTOdwjSqq1JuGdp4sLzPzGDLiu4R7Per3QQ1GxYoLgAlIbOA=="
      },
      "runtime.linux-x64.runtime.native.System.IO.Ports": {
        "type": "Transitive",
        "resolved": "9.0.0",
        "contentHash": "4bmb9oP1DIu2ArJ2MH2sNGbO5V3VrZ0+8lotr3cQ2G5hh66+0yHiYkwvlwP7gkSOsZPhANeX3cicqHYaDsroQA=="
      },
      "runtime.maccatalyst-arm64.runtime.native.System.IO.Ports": {
        "type": "Transitive",
        "resolved": "9.0.0",
        "contentHash": "k+VeOPbIx9A1/bmiw5pGBsuALGTA4UoC6SsGhcIMLyS6TMFgsjsOH1bAgim+/W1RdtR7dpPCWHNYhkrM8hXByA=="
      },
      "runtime.maccatalyst-x64.runtime.native.System.IO.Ports": {
        "type": "Transitive",
        "resolved": "9.0.0",
        "contentHash": "k1WC+Y7ht+7Omq5iW1v2Yz5CpaGGlLvlNsGS8cDAG0IN3sXUrPyUkC/40/zTL8g8/c3UFjrW0igXcwKNYa+ZuA=="
      },
      "runtime.native.System.IO.Ports": {
        "type": "Transitive",
        "resolved": "9.0.0",
        "contentHash": "iWyR+xohLUht80x5MREqF7zYD0KqyVpoS9uTg9raG0ddx5pvJkCPC4eS2JdkRYY6AqPjfMiiOEZ02ZWHEBgOvg==",
        "dependencies": {
          "runtime.android-arm.runtime.native.System.IO.Ports": "9.0.0",
          "runtime.android-arm64.runtime.native.System.IO.Ports": "9.0.0",
          "runtime.android-x64.runtime.native.System.IO.Ports": "9.0.0",
          "runtime.android-x86.runtime.native.System.IO.Ports": "9.0.0",
          "runtime.linux-arm.runtime.native.System.IO.Ports": "9.0.0",
          "runtime.linux-arm64.runtime.native.System.IO.Ports": "9.0.0",
          "runtime.linux-bionic-arm64.runtime.native.System.IO.Ports": "9.0.0",
          "runtime.linux-bionic-x64.runtime.native.System.IO.Ports": "9.0.0",
          "runtime.linux-musl-arm.runtime.native.System.IO.Ports": "9.0.0",
          "runtime.linux-musl-arm64.runtime.native.System.IO.Ports": "9.0.0",
          "runtime.linux-musl-x64.runtime.native.System.IO.Ports": "9.0.0",
          "runtime.linux-x64.runtime.native.System.IO.Ports": "9.0.0",
          "runtime.maccatalyst-arm64.runtime.native.System.IO.Ports": "9.0.0",
          "runtime.maccatalyst-x64.runtime.native.System.IO.Ports": "9.0.0",
          "runtime.osx-arm64.runtime.native.System.IO.Ports": "9.0.0",
          "runtime.osx-x64.runtime.native.System.IO.Ports": "9.0.0"
        }
      },
      "runtime.osx-arm64.runtime.native.System.IO.Ports": {
        "type": "Transitive",
        "resolved": "9.0.0",
        "contentHash": "ebr6uFzuICKkw9YePnCo7CdZFKYYhJZOJDJhACAKyzbT5WFvJWMyeACJIWS0uqndGMgWSc+D+UDdBu6CEpUOSg=="
      },
      "runtime.osx-x64.runtime.native.System.IO.Ports": {
        "type": "Transitive",
        "resolved": "9.0.0",
        "contentHash": "66DA4FKnfIdrkyd8Kqym06s+F/U5/7TZdkV1DllGivUNUGkC8TG5W/3D4rhLoGQRjg0uurkPWqrQXWfPEghRpQ=="
      },
      "System.CodeDom": {
        "type": "Transitive",
        "resolved": "9.0.0",
        "contentHash": "oTE5IfuMoET8yaZP/vdvy9xO47guAv/rOhe4DODuFBN3ySprcQOlXqO3j+e/H/YpKKR5sglrxRaZ2HYOhNJrqA=="
      },
      "System.IO.FileSystem.AccessControl": {
        "type": "Transitive",
        "resolved": "5.0.0",
        "contentHash": "SxHB3nuNrpptVk+vZ/F+7OHEpoHUIKKMl02bUmYHQr1r+glbZQxs7pRtsf4ENO29TVm2TH3AEeep2fJcy92oYw=="
      },
      "System.IO.Ports": {
        "type": "Transitive",
        "resolved": "9.0.0",
        "contentHash": "NfEWew48r4MxHUnOQL7nw/5JBsz9dli8TJYpXjsAQu8tHH0QCq2ly4QMCc8wS9EAi1jvaFgq7ELdfwxvrKWALQ==",
        "dependencies": {
          "runtime.native.System.IO.Ports": "9.0.0"
        }
      },
      "System.Management": {
        "type": "Transitive",
        "resolved": "9.0.0",
        "contentHash": "bVh4xAMI5grY5GZoklKcMBLirhC8Lqzp63Ft3zXJacwGAlLyFdF4k0qz4pnKIlO6HyL2Z4zqmHm9UkzEo6FFsA==",
        "dependencies": {
          "System.CodeDom": "9.0.0"
        }
      }
    }
  }
}